
Microsoft Visual Studio Solution File, Format Version 12.00
# Visual Studio 15
Project("{FAE04EC0-301F-11D3-BF4B-00C04F79EFBC}") = "Assembly-CSharp", "Assembly-CSharp.csproj", "{81B88BAF-2BFD-5038-016C-D8897B85FBF6}"
EndProject
Project("{FAE04EC0-301F-11D3-BF4B-00C04F79EFBC}") = "Assembly-CSharp-Editor", "Assembly-CSharp-Editor.csproj", "{7A7DBD22-4AA9-88A6-861A-72F2C1DAA40E}"
EndProject
Global
	GlobalSection(SolutionConfigurationPlatforms) = preSolution
		Debug|Any CPU = Debug|Any CPU
		Release|Any CPU = Release|Any CPU
	EndGlobalSection
	GlobalSection(ProjectConfigurationPlatforms) = postSolution
		{81B88BAF-2BFD-5038-016C-D8897B85FBF6}.Debug|Any CPU.ActiveCfg = Debug|Any CPU
		{81B88BAF-2BFD-5038-016C-D8897B85FBF6}.Debug|Any CPU.Build.0 = Debug|Any CPU
		{81B88BAF-2BFD-5038-016C-D8897B85FBF6}.Release|Any CPU.ActiveCfg = Release|Any CPU
		{81B88BAF-2BFD-5038-016C-D8897B85FBF6}.Release|Any CPU.Build.0 = Release|Any CPU
		{7A7DBD22-4AA9-88A6-861A-72F2C1DAA40E}.Debug|Any CPU.ActiveCfg = Debug|Any CPU
		{7A7DBD22-4AA9-88A6-861A-72F2C1DAA40E}.Debug|Any CPU.Build.0 = Debug|Any CPU
		{7A7DBD22-4AA9-88A6-861A-72F2C1DAA40E}.Release|Any CPU.ActiveCfg = Release|Any CPU
		{7A7DBD22-4AA9-88A6-861A-72F2C1DAA40E}.Release|Any CPU.Build.0 = Release|Any CPU
	EndGlobalSection
	GlobalSection(SolutionProperties) = preSolution
		HideSolutionNode = FALSE
	EndGlobalSection
EndGlobal
